
Microsoft Visual Studio Solution File, Format Version 12.00
# Visual Studio Version 16
VisualStudioVersion = 16.0.30523.141
MinimumVisualStudioVersion = 10.0.40219.1
Project("{FAE04EC0-301F-11D3-BF4B-00C04F79EFBC}") = "DreamTeam", "DreamTeam\DreamTeam.csproj", "{DE2F97AE-031C-4D51-89B1-E87491B06452}"
EndProject
Global
	GlobalSection(SolutionConfigurationPlatforms) = preSolution
		Debug|Any CPU = Debug|Any CPU
		Release|Any CPU = Release|Any CPU
	EndGlobalSection
	GlobalSection(ProjectConfigurationPlatforms) = postSolution
		{DE2F97AE-031C-4D51-89B1-E87491B06452}.Debug|Any CPU.ActiveCfg = Debug|Any CPU
		{DE2F97AE-031C-4D51-89B1-E87491B06452}.Debug|Any CPU.Build.0 = Debug|Any CPU
		{DE2F97AE-031C-4D51-89B1-E87491B06452}.Release|Any CPU.ActiveCfg = Release|Any CPU
		{DE2F97AE-031C-4D51-89B1-E87491B06452}.Release|Any CPU.Build.0 = Release|Any CPU
	EndGlobalSection
	GlobalSection(SolutionProperties) = preSolution
		HideSolutionNode = FALSE
	EndGlobalSection
	GlobalSection(ExtensibilityGlobals) = postSolution
		SolutionGuid = {4EB0D070-1387-4C05-8BC8-1FB74FDC8D21}
	EndGlobalSection
EndGlobal
